
Microsoft Visual Studio Solution File, Format Version 12.00
# Visual Studio Version 17
VisualStudioVersion = 17.4.33122.133
MinimumVisualStudioVersion = 10.0.40219.1
Project("{9A19103F-16F7-4668-BE54-9A1E7A4F7556}") = "API", "API\API.csproj", "{30182438-E0FE-4C92-8DC2-640D50AEE91F}"
EndProject
Project("{FAE04EC0-301F-11D3-BF4B-00C04F79EFBC}") = "Data", "Data\Data.csproj", "{F6B48DC5-DBCB-40E9-9EA5-45ACA170B04A}"
EndProject
Project("{FAE04EC0-301F-11D3-BF4B-00C04F79EFBC}") = "Services", "Services\Services.csproj", "{2639FB4C-E085-403F-B452-A3DE862E9FB9}"
EndProject
Global
	GlobalSection(SolutionConfigurationPlatforms) = preSolution
		Debug|Any CPU = Debug|Any CPU
		Release|Any CPU = Release|Any CPU
	EndGlobalSection
	GlobalSection(ProjectConfigurationPlatforms) = postSolution
		{30182438-E0FE-4C92-8DC2-640D50AEE91F}.Debug|Any CPU.ActiveCfg = Debug|Any CPU
		{30182438-E0FE-4C92-8DC2-640D50AEE91F}.Debug|Any CPU.Build.0 = Debug|Any CPU
		{30182438-E0FE-4C92-8DC2-640D50AEE91F}.Release|Any CPU.ActiveCfg = Release|Any CPU
		{30182438-E0FE-4C92-8DC2-640D50AEE91F}.Release|Any CPU.Build.0 = Release|Any CPU
		{F6B48DC5-DBCB-40E9-9EA5-45ACA170B04A}.Debug|Any CPU.ActiveCfg = Debug|Any CPU
		{F6B48DC5-DBCB-40E9-9EA5-45ACA170B04A}.Debug|Any CPU.Build.0 = Debug|Any CPU
		{F6B48DC5-DBCB-40E9-9EA5-45ACA170B04A}.Release|Any CPU.ActiveCfg = Release|Any CPU
		{F6B48DC5-DBCB-40E9-9EA5-45ACA170B04A}.Release|Any CPU.Build.0 = Release|Any CPU
		{2639FB4C-E085-403F-B452-A3DE862E9FB9}.Debug|Any CPU.ActiveCfg = Debug|Any CPU
		{2639FB4C-E085-403F-B452-A3DE862E9FB9}.Debug|Any CPU.Build.0 = Debug|Any CPU
		{2639FB4C-E085-403F-B452-A3DE862E9FB9}.Release|Any CPU.ActiveCfg = Release|Any CPU
		{2639FB4C-E085-403F-B452-A3DE862E9FB9}.Release|Any CPU.Build.0 = Release|Any CPU
	EndGlobalSection
	GlobalSection(SolutionProperties) = preSolution
		HideSolutionNode = FALSE
	EndGlobalSection
	GlobalSection(ExtensibilityGlobals) = postSolution
		SolutionGuid = {6769E38D-2582-4167-BE44-9FC0C2C44ED1}
	EndGlobalSection
EndGlobal
